
Microsoft Visual Studio Solution File, Format Version 11.00
# Visual Studio 2010
Project("{FAE04EC0-301F-11D3-BF4B-00C04F79EFBC}") = "Assembly-CSharp", "Assembly-CSharp.csproj", "{ae0df421-873f-7f04-0d54-9ef57b08d916}"
EndProject
Project("{FAE04EC0-301F-11D3-BF4B-00C04F79EFBC}") = "Assembly-CSharp-Editor", "Assembly-CSharp-Editor.csproj", "{b5d16526-6a1f-170e-b489-1740ef1255b8}"
EndProject
Global
	GlobalSection(SolutionConfigurationPlatforms) = preSolution
		Debug|Any CPU = Debug|Any CPU
	EndGlobalSection
	GlobalSection(ProjectConfigurationPlatforms) = postSolution
		{ae0df421-873f-7f04-0d54-9ef57b08d916}.Debug|Any CPU.ActiveCfg = Debug|Any CPU
		{ae0df421-873f-7f04-0d54-9ef57b08d916}.Debug|Any CPU.Build.0 = Debug|Any CPU
		{b5d16526-6a1f-170e-b489-1740ef1255b8}.Debug|Any CPU.ActiveCfg = Debug|Any CPU
		{b5d16526-6a1f-170e-b489-1740ef1255b8}.Debug|Any CPU.Build.0 = Debug|Any CPU
	EndGlobalSection
	GlobalSection(SolutionProperties) = preSolution
		HideSolutionNode = FALSE
	EndGlobalSection
EndGlobal
